
Microsoft Visual Studio Solution File, Format Version 12.00
# Visual Studio 15
VisualStudioVersion = 15.0.27428.2015
MinimumVisualStudioVersion = 10.0.40219.1
Project("{FAE04EC0-301F-11D3-BF4B-00C04F79EFBC}") = "TaskApi", "TaskApi\TaskApi.csproj", "{F877E01A-ACBE-4D1A-9EAB-C6D812EEE2F7}"
EndProject
Global
	GlobalSection(SolutionConfigurationPlatforms) = preSolution
		Debug|Any CPU = Debug|Any CPU
		Release|Any CPU = Release|Any CPU
	EndGlobalSection
	GlobalSection(ProjectConfigurationPlatforms) = postSolution
		{F877E01A-ACBE-4D1A-9EAB-C6D812EEE2F7}.Debug|Any CPU.ActiveCfg = Debug|Any CPU
		{F877E01A-ACBE-4D1A-9EAB-C6D812EEE2F7}.Debug|Any CPU.Build.0 = Debug|Any CPU
		{F877E01A-ACBE-4D1A-9EAB-C6D812EEE2F7}.Release|Any CPU.ActiveCfg = Release|Any CPU
		{F877E01A-ACBE-4D1A-9EAB-C6D812EEE2F7}.Release|Any CPU.Build.0 = Release|Any CPU
	EndGlobalSection
	GlobalSection(SolutionProperties) = preSolution
		HideSolutionNode = FALSE
	EndGlobalSection
	GlobalSection(ExtensibilityGlobals) = postSolution
		SolutionGuid = {70EAA125-90BA-47AB-9EB3-53E2EAAB3FFD}
	EndGlobalSection
EndGlobal
